
Microsoft Visual Studio Solution File, Format Version 12.00
# Visual Studio 15
VisualStudioVersion = 15.0.27703.2000
MinimumVisualStudioVersion = 10.0.40219.1
Project("{FAE04EC0-301F-11D3-BF4B-00C04F79EFBC}") = "Performaxx_User_Interface", "Performaxx_User_Interface\Performaxx_User_Interface.csproj", "{53B97AD8-560C-430F-821F-32D0B4F58C03}"
EndProject
Global
	GlobalSection(SolutionConfigurationPlatforms) = preSolution
		Debug|Any CPU = Debug|Any CPU
		Release|Any CPU = Release|Any CPU
	EndGlobalSection
	GlobalSection(ProjectConfigurationPlatforms) = postSolution
		{53B97AD8-560C-430F-821F-32D0B4F58C03}.Debug|Any CPU.ActiveCfg = Debug|Any CPU
		{53B97AD8-560C-430F-821F-32D0B4F58C03}.Debug|Any CPU.Build.0 = Debug|Any CPU
		{53B97AD8-560C-430F-821F-32D0B4F58C03}.Release|Any CPU.ActiveCfg = Release|Any CPU
		{53B97AD8-560C-430F-821F-32D0B4F58C03}.Release|Any CPU.Build.0 = Release|Any CPU
	EndGlobalSection
	GlobalSection(SolutionProperties) = preSolution
		HideSolutionNode = FALSE
	EndGlobalSection
	GlobalSection(ExtensibilityGlobals) = postSolution
		SolutionGuid = {0541015C-8BE7-4E9C-8084-20E144D5BE48}
	EndGlobalSection
EndGlobal
